{
  "name": "cryptoroute",
  "version": "0.1.0",
  "lockfileVersion": 3,
  "requires": true,
  "packages": {
    "": {
      "name": "cryptoroute",
      "version": "0.1.0",
      "license": "AGPL-30-only",
      "devDependencies": {
        "@types/node": "18.17.15"
      }
    },
    "node_modules/@types/node": {
      "version": "18.17.15",
      "resolved": "https://registry.npmjs.org/@types/node/-/node-18.17.15.tgz",
      "integrity": "sha512-2yrWpBk32tvV/JAd3HNHWuZn/VDN1P+72hWirHnvsvTGSqbANi+kSeuQR9yAHnbvaBvHDsoTdXV0Fe+iRtHLKA==",
      "dev": true
    }
  }
}
